
Microsoft Visual Studio Solution File, Format Version 12.00
# Visual Studio Version 16
VisualStudioVersion = 16.0.31205.134
MinimumVisualStudioVersion = 10.0.40219.1
Project("{FAE04EC0-301F-11D3-BF4B-00C04F79EFBC}") = "WindowsHomework3-WPF", "WindowsHomework3-WPF\WindowsHomework3-WPF.csproj", "{6EC50F98-0533-4816-9348-379748C6665F}"
EndProject
Global
	GlobalSection(SolutionConfigurationPlatforms) = preSolution
		Debug|Any CPU = Debug|Any CPU
		Release|Any CPU = Release|Any CPU
	EndGlobalSection
	GlobalSection(ProjectConfigurationPlatforms) = postSolution
		{6EC50F98-0533-4816-9348-379748C6665F}.Debug|Any CPU.ActiveCfg = Debug|Any CPU
		{6EC50F98-0533-4816-9348-379748C6665F}.Debug|Any CPU.Build.0 = Debug|Any CPU
		{6EC50F98-0533-4816-9348-379748C6665F}.Release|Any CPU.ActiveCfg = Release|Any CPU
		{6EC50F98-0533-4816-9348-379748C6665F}.Release|Any CPU.Build.0 = Release|Any CPU
	EndGlobalSection
	GlobalSection(SolutionProperties) = preSolution
		HideSolutionNode = FALSE
	EndGlobalSection
	GlobalSection(ExtensibilityGlobals) = postSolution
		SolutionGuid = {971B77BA-AD2D-4B3B-8DDF-E1723F83BE84}
	EndGlobalSection
EndGlobal
