
Microsoft Visual Studio Solution File, Format Version 12.00
# Visual Studio Version 16
VisualStudioVersion = 16.0.31205.134
MinimumVisualStudioVersion = 10.0.40219.1
Project("{FAE04EC0-301F-11D3-BF4B-00C04F79EFBC}") = "WindowsHomework3-Winform", "WindowsHomework3-Winform\WindowsHomework3-Winform.csproj", "{64C3E00C-AB6D-4448-A70C-9E77DEF3A833}"
EndProject
Global
	GlobalSection(SolutionConfigurationPlatforms) = preSolution
		Debug|Any CPU = Debug|Any CPU
		Release|Any CPU = Release|Any CPU
	EndGlobalSection
	GlobalSection(ProjectConfigurationPlatforms) = postSolution
		{64C3E00C-AB6D-4448-A70C-9E77DEF3A833}.Debug|Any CPU.ActiveCfg = Debug|Any CPU
		{64C3E00C-AB6D-4448-A70C-9E77DEF3A833}.Debug|Any CPU.Build.0 = Debug|Any CPU
		{64C3E00C-AB6D-4448-A70C-9E77DEF3A833}.Release|Any CPU.ActiveCfg = Release|Any CPU
		{64C3E00C-AB6D-4448-A70C-9E77DEF3A833}.Release|Any CPU.Build.0 = Release|Any CPU
	EndGlobalSection
	GlobalSection(SolutionProperties) = preSolution
		HideSolutionNode = FALSE
	EndGlobalSection
	GlobalSection(ExtensibilityGlobals) = postSolution
		SolutionGuid = {B19CFD92-71C1-4F4C-B176-AF3ACFC73BB1}
	EndGlobalSection
EndGlobal
