
Microsoft Visual Studio Solution File, Format Version 12.00
# Visual Studio Version 16
VisualStudioVersion = 16.0.31205.134
MinimumVisualStudioVersion = 10.0.40219.1
Project("{FAE04EC0-301F-11D3-BF4B-00C04F79EFBC}") = "Homework8", "Homework8\Homework8.csproj", "{C0FC833C-F9A0-4379-B1B9-820E84B45B3F}"
EndProject
Global
	GlobalSection(SolutionConfigurationPlatforms) = preSolution
		Debug|Any CPU = Debug|Any CPU
		Release|Any CPU = Release|Any CPU
	EndGlobalSection
	GlobalSection(ProjectConfigurationPlatforms) = postSolution
		{C0FC833C-F9A0-4379-B1B9-820E84B45B3F}.Debug|Any CPU.ActiveCfg = Debug|Any CPU
		{C0FC833C-F9A0-4379-B1B9-820E84B45B3F}.Debug|Any CPU.Build.0 = Debug|Any CPU
		{C0FC833C-F9A0-4379-B1B9-820E84B45B3F}.Release|Any CPU.ActiveCfg = Release|Any CPU
		{C0FC833C-F9A0-4379-B1B9-820E84B45B3F}.Release|Any CPU.Build.0 = Release|Any CPU
	EndGlobalSection
	GlobalSection(SolutionProperties) = preSolution
		HideSolutionNode = FALSE
	EndGlobalSection
	GlobalSection(ExtensibilityGlobals) = postSolution
		SolutionGuid = {6DFE95F0-3FEB-4C54-8F52-72441769930F}
	EndGlobalSection
EndGlobal
